// !$*UTF8*$!
{
	archiveVersion = 1;
	classes = {
	};
	objectVersion = 50;
	objects = {

/* Begin PBXBuildFile section */
		82D0022B2482F97D00888A94 /* AppDelegate.swift in Sources */ = {isa = PBXBuildFile; fileRef = 82D0022A2482F97D00888A94 /* AppDelegate.swift */; };
		82D0022D2482F97D00888A94 /* SceneDelegate.swift in Sources */ = {isa = PBXBuildFile; fileRef = 82D0022C2482F97D00888A94 /* SceneDelegate.swift */; };
		82D0022F2482F97D00888A94 /* ViewController.swift in Sources */ = {isa = PBXBuildFile; fileRef = 82D0022E2482F97D00888A94 /* ViewController.swift */; };
		82D002322482F97D00888A94 /* Main.storyboard in Resources */ = {isa = PBXBuildFile; fileRef = 82D002302482F97D00888A94 /* Main.storyboard */; };
		82D002342482F97F00888A94 /* Assets.xcassets in Resources */ = {isa = PBXBuildFile; fileRef = 82D002332482F97F00888A94 /* Assets.xcassets */; };
		82D002372482F97F00888A94 /* LaunchScreen.storyboard in Resources */ = {isa = PBXBuildFile; fileRef = 82D002352482F97F00888A94 /* LaunchScreen.storyboard */; };
		82D0023F24831B4400888A94 /* question.csv in Resources */ = {isa = PBXBuildFile; fileRef = 82D0023E24831B4400888A94 /* question.csv */; };
		82D00241248320E600888A94 /* QuestionDataManager.swift in Sources */ = {isa = PBXBuildFile; fileRef = 82D00240248320E600888A94 /* QuestionDataManager.swift */; };
		82D0024524832F0A00888A94 /* StartViewController.swift in Sources */ = {isa = PBXBuildFile; fileRef = 82D0024424832F0A00888A94 /* StartViewController.swift */; };
		82D00247248332FA00888A94 /* QuestionViewController.swift in Sources */ = {isa = PBXBuildFile; fileRef = 82D00246248332FA00888A94 /* QuestionViewController.swift */; };
		82D00249248341CE00888A94 /* ResultViewController.swift in Sources */ = {isa = PBXBuildFile; fileRef = 82D00248248341CE00888A94 /* ResultViewController.swift */; };
		82D0024C2483473C00888A94 /* AudioToolbox.framework in Frameworks */ = {isa = PBXBuildFile; fileRef = 82D0024B2483473C00888A94 /* AudioToolbox.framework */; };
/* End PBXBuildFile section */

/* Begin PBXFileReference section */
		82D002272482F97D00888A94 /* MyQuiz.app */ = {isa = PBXFileReference; explicitFileType = wrapper.application; includeInIndex = 0; path = MyQuiz.app; sourceTree = BUILT_PRODUCTS_DIR; };
		82D0022A2482F97D00888A94 /* AppDelegate.swift */ = {isa = PBXFileReference; lastKnownFileType = sourcecode.swift; path = AppDelegate.swift; sourceTree = "<group>"; };
		82D0022C2482F97D00888A94 /* SceneDelegate.swift */ = {isa = PBXFileReference; lastKnownFileType = sourcecode.swift; path = SceneDelegate.swift; sourceTree = "<group>"; };
		82D0022E2482F97D00888A94 /* ViewController.swift */ = {isa = PBXFileReference; lastKnownFileType = sourcecode.swift; path = ViewController.swift; sourceTree = "<group>"; };
		82D002312482F97D00888A94 /* Base */ = {isa = PBXFileReference; lastKnownFileType = file.storyboard; name = Base; path = Base.lproj/Main.storyboard; sourceTree = "<group>"; };
		82D002332482F97F00888A94 /* Assets.xcassets */ = {isa = PBXFileReference; lastKnownFileType = folder.assetcatalog; path = Assets.xcassets; sourceTree = "<group>"; };
		82D002362482F97F00888A94 /* Base */ = {isa = PBXFileReference; lastKnownFileType = file.storyboard; name = Base; path = Base.lproj/LaunchScreen.storyboard; sourceTree = "<group>"; };
		82D002382482F97F00888A94 /* Info.plist */ = {isa = PBXFileReference; lastKnownFileType = text.plist.xml; path = Info.plist; sourceTree = "<group>"; };
		82D0023E24831B4400888A94 /* question.csv */ = {isa = PBXFileReference; lastKnownFileType = text; path = question.csv; sourceTree = "<group>"; };
		82D00240248320E600888A94 /* QuestionDataManager.swift */ = {isa = PBXFileReference; lastKnownFileType = sourcecode.swift; path = QuestionDataManager.swift; sourceTree = "<group>"; };
		82D0024424832F0A00888A94 /* StartViewController.swift */ = {isa = PBXFileReference; lastKnownFileType = sourcecode.swift; path = StartViewController.swift; sourceTree = "<group>"; };
		82D00246248332FA00888A94 /* QuestionViewController.swift */ = {isa = PBXFileReference; lastKnownFileType = sourcecode.swift; path = QuestionViewController.swift; sourceTree = "<group>"; };
		82D00248248341CE00888A94 /* ResultViewController.swift */ = {isa = PBXFileReference; lastKnownFileType = sourcecode.swift; path = ResultViewController.swift; sourceTree = "<group>"; };
		82D0024B2483473C00888A94 /* AudioToolbox.framework */ = {isa = PBXFileReference; lastKnownFileType = wrapper.framework; name = AudioToolbox.framework; path = System/Library/Frameworks/AudioToolbox.framework; sourceTree = SDKROOT; };
/* End PBXFileReference section */

/* Begin PBXFrameworksBuildPhase section */
		82D002242482F97D00888A94 /* Frameworks */ = {
			isa = PBXFrameworksBuildPhase;
			buildActionMask = 2147483647;
			files = (
				82D0024C2483473C00888A94 /* AudioToolbox.framework in Frameworks */,
			);
			runOnlyForDeploymentPostprocessing = 0;
		};
/* End PBXFrameworksBuildPhase section */

/* Begin PBXGroup section */
		82D0021E2482F97D00888A94 = {
			isa = PBXGroup;
			children = (
				82D002292482F97D00888A94 /* MyQuiz */,
				82D002282482F97D00888A94 /* Products */,
				82D0024A2483473C00888A94 /* Frameworks */,
			);
			sourceTree = "<group>";
		};
		82D002282482F97D00888A94 /* Products */ = {
			isa = PBXGroup;
			children = (
				82D002272482F97D00888A94 /* MyQuiz.app */,
			);
			name = Products;
			sourceTree = "<group>";
		};
		82D002292482F97D00888A94 /* MyQuiz */ = {
			isa = PBXGroup;
			children = (
				82D0022A2482F97D00888A94 /* AppDelegate.swift */,
				82D0022C2482F97D00888A94 /* SceneDelegate.swift */,
				82D0022E2482F97D00888A94 /* ViewController.swift */,
				82D0024424832F0A00888A94 /* StartViewController.swift */,
				82D00246248332FA00888A94 /* QuestionViewController.swift */,
				82D00248248341CE00888A94 /* ResultViewController.swift */,
				82D002302482F97D00888A94 /* Main.storyboard */,
				82D0023E24831B4400888A94 /* question.csv */,
				82D00240248320E600888A94 /* QuestionDataManager.swift */,
				82D002332482F97F00888A94 /* Assets.xcassets */,
				82D002352482F97F00888A94 /* LaunchScreen.storyboard */,
				82D002382482F97F00888A94 /* Info.plist */,
			);
			path = MyQuiz;
			sourceTree = "<group>";
		};
		82D0024A2483473C00888A94 /* Frameworks */ = {
			isa = PBXGroup;
			children = (
				82D0024B2483473C00888A94 /* AudioToolbox.framework */,
			);
			name = Frameworks;
			sourceTree = "<group>";
		};
/* End PBXGroup section */

/* Begin PBXNativeTarget section */
		82D002262482F97D00888A94 /* MyQuiz */ = {
			isa = PBXNativeTarget;
			buildConfigurationList = 82D0023B2482F97F00888A94 /* Build configuration list for PBXNativeTarget "MyQuiz" */;
			buildPhases = (
				82D002232482F97D00888A94 /* Sources */,
				82D002242482F97D00888A94 /* Frameworks */,
				82D002252482F97D00888A94 /* Resources */,
			);
			buildRules = (
			);
			dependencies = (
			);
			name = MyQuiz;
			productName = MyQuiz;
			productReference = 82D002272482F97D00888A94 /* MyQuiz.app */;
			productType = "com.apple.product-type.application";
		};
/* End PBXNativeTarget section */

/* Begin PBXProject section */
		82D0021F2482F97D00888A94 /* Project object */ = {
			isa = PBXProject;
			attributes = {
				LastSwiftUpdateCheck = 1150;
				LastUpgradeCheck = 1150;
				ORGANIZATIONNAME = "gmail.com@norimassa39";
				TargetAttributes = {
					82D002262482F97D00888A94 = {
						CreatedOnToolsVersion = 11.5;
					};
				};
			};
			buildConfigurationList = 82D002222482F97D00888A94 /* Build configuration list for PBXProject "MyQuiz" */;
			compatibilityVersion = "Xcode 9.3";
			developmentRegion = en;
			hasScannedForEncodings = 0;
			knownRegions = (
				en,
				Base,
			);
			mainGroup = 82D0021E2482F97D00888A94;
			productRefGroup = 82D002282482F97D00888A94 /* Products */;
			projectDirPath = "";
			projectRoot = "";
			targets = (
				82D002262482F97D00888A94 /* MyQuiz */,
			);
		};
/* End PBXProject section */

/* Begin PBXResourcesBuildPhase section */
		82D002252482F97D00888A94 /* Resources */ = {
			isa = PBXResourcesBuildPhase;
			buildActionMask = 2147483647;
			files = (
				82D0023F24831B4400888A94 /* question.csv in Resources */,
				82D002372482F97F00888A94 /* LaunchScreen.storyboard in Resources */,
				82D002342482F97F00888A94 /* Assets.xcassets in Resources */,
				82D002322482F97D00888A94 /* Main.storyboard in Resources */,
			);
			runOnlyForDeploymentPostprocessing = 0;
		};
/* End PBXResourcesBuildPhase section */

/* Begin PBXSourcesBuildPhase section */
		82D002232482F97D00888A94 /* Sources */ = {
			isa = PBXSourcesBuildPhase;
			buildActionMask = 2147483647;
			files = (
				82D0024524832F0A00888A94 /* StartViewController.swift in Sources */,
				82D0022F2482F97D00888A94 /* ViewController.swift in Sources */,
				82D00249248341CE00888A94 /* ResultViewController.swift in Sources */,
				82D00247248332FA00888A94 /* QuestionViewController.swift in Sources */,
				82D00241248320E600888A94 /* QuestionDataManager.swift in Sources */,
				82D0022B2482F97D00888A94 /* AppDelegate.swift in Sources */,
				82D0022D2482F97D00888A94 /* SceneDelegate.swift in Sources */,
			);
			runOnlyForDeploymentPostprocessing = 0;
		};
/* End PBXSourcesBuildPhase section */

/* Begin PBXVariantGroup section */
		82D002302482F97D00888A94 /* Main.storyboard */ = {
			isa = PBXVariantGroup;
			children = (
				82D002312482F97D00888A94 /* Base */,
			);
			name = Main.storyboard;
			sourceTree = "<group>";
		};
		82D002352482F97F00888A94 /* LaunchScreen.storyboard */ = {
			isa = PBXVariantGroup;
			children = (
				82D002362482F97F00888A94 /* Base */,
			);
			name = LaunchScreen.storyboard;
			sourceTree = "<group>";
		};
/* End PBXVariantGroup section */

/* Begin XCBuildConfiguration section */
		82D002392482F97F00888A94 /* Debug */ = {
			isa = XCBuildConfiguration;
			buildSettings = {
				ALWAYS_SEARCH_USER_PATHS = NO;
				CLANG_ANALYZER_NONNULL = YES;
				CLANG_ANALYZER_NUMBER_OBJECT_CONVERSION = YES_AGGRESSIVE;
				CLANG_CXX_LANGUAGE_STANDARD = "gnu++14";
				CLANG_CXX_LIBRARY = "libc++";
				CLANG_ENABLE_MODULES = YES;
				CLANG_ENABLE_OBJC_ARC = YES;
				CLANG_ENABLE_OBJC_WEAK = YES;
				CLANG_WARN_BLOCK_CAPTURE_AUTORELEASING = YES;
				CLANG_WARN_BOOL_CONVERSION = YES;
				CLANG_WARN_COMMA = YES;
				CLANG_WARN_CONSTANT_CONVERSION = YES;
				CLANG_WARN_DEPRECATED_OBJC_IMPLEMENTATIONS = YES;
				CLANG_WARN_DIRECT_OBJC_ISA_USAGE = YES_ERROR;
				CLANG_WARN_DOCUMENTATION_COMMENTS = YES;
				CLANG_WARN_EMPTY_BODY = YES;
				CLANG_WARN_ENUM_CONVERSION = YES;
				CLANG_WARN_INFINITE_RECURSION = YES;
				CLANG_WARN_INT_CONVERSION = YES;
				CLANG_WARN_NON_LITERAL_NULL_CONVERSION = YES;
				CLANG_WARN_OBJC_IMPLICIT_RETAIN_SELF = YES;
				CLANG_WARN_OBJC_LITERAL_CONVERSION = YES;
				CLANG_WARN_OBJC_ROOT_CLASS = YES_ERROR;
				CLANG_WARN_RANGE_LOOP_ANALYSIS = YES;
				CLANG_WARN_STRICT_PROTOTYPES = YES;
				CLANG_WARN_SUSPICIOUS_MOVE = YES;
				CLANG_WARN_UNGUARDED_AVAILABILITY = YES_AGGRESSIVE;
				CLANG_WARN_UNREACHABLE_CODE = YES;
				CLANG_WARN__DUPLICATE_METHOD_MATCH = YES;
				COPY_PHASE_STRIP = NO;
				DEBUG_INFORMATION_FORMAT = dwarf;
				ENABLE_STRICT_OBJC_MSGSEND = YES;
				ENABLE_TESTABILITY = YES;
				GCC_C_LANGUAGE_STANDARD = gnu11;
				GCC_DYNAMIC_NO_PIC = NO;
				GCC_NO_COMMON_BLOCKS = YES;
				GCC_OPTIMIZATION_LEVEL = 0;
				GCC_PREPROCESSOR_DEFINITIONS = (
					"DEBUG=1",
					"$(inherited)",
				);
				GCC_WARN_64_TO_32_BIT_CONVERSION = YES;
				GCC_WARN_ABOUT_RETURN_TYPE = YES_ERROR;
				GCC_WARN_UNDECLARED_SELECTOR = YES;
				GCC_WARN_UNINITIALIZED_AUTOS = YES_AGGRESSIVE;
				GCC_WARN_UNUSED_FUNCTION = YES;
				GCC_WARN_UNUSED_VARIABLE = YES;
				IPHONEOS_DEPLOYMENT_TARGET = 13.5;
				MTL_ENABLE_DEBUG_INFO = INCLUDE_SOURCE;
				MTL_FAST_MATH = YES;
				ONLY_ACTIVE_ARCH = YES;
				SDKROOT = iphoneos;
				SWIFT_ACTIVE_COMPILATION_CONDITIONS = DEBUG;
				SWIFT_OPTIMIZATION_LEVEL = "-Onone";
			};
			name = Debug;
		};
		82D0023A2482F97F00888A94 /* Release */ = {
			isa = XCBuildConfiguration;
			buildSettings = {
				ALWAYS_SEARCH_USER_PATHS = NO;
				CLANG_ANALYZER_NONNULL = YES;
				CLANG_ANALYZER_NUMBER_OBJECT_CONVERSION = YES_AGGRESSIVE;
				CLANG_CXX_LANGUAGE_STANDARD = "gnu++14";
				CLANG_CXX_LIBRARY = "libc++";
				CLANG_ENABLE_MODULES = YES;
				CLANG_ENABLE_OBJC_ARC = YES;
				CLANG_ENABLE_OBJC_WEAK = YES;
				CLANG_WARN_BLOCK_CAPTURE_AUTORELEASING = YES;
				CLANG_WARN_BOOL_CONVERSION = YES;
				CLANG_WARN_COMMA = YES;
				CLANG_WARN_CONSTANT_CONVERSION = YES;
				CLANG_WARN_DEPRECATED_OBJC_IMPLEMENTATIONS = YES;
				CLANG_WARN_DIRECT_OBJC_ISA_USAGE = YES_ERROR;
				CLANG_WARN_DOCUMENTATION_COMMENTS = YES;
				CLANG_WARN_EMPTY_BODY = YES;
				CLANG_WARN_ENUM_CONVERSION = YES;
				CLANG_WARN_INFINITE_RECURSION = YES;
				CLANG_WARN_INT_CONVERSION = YES;
				CLANG_WARN_NON_LITERAL_NULL_CONVERSION = YES;
				CLANG_WARN_OBJC_IMPLICIT_RETAIN_SELF = YES;
				CLANG_WARN_OBJC_LITERAL_CONVERSION = YES;
				CLANG_WARN_OBJC_ROOT_CLASS = YES_ERROR;
				CLANG_WARN_RANGE_LOOP_ANALYSIS = YES;
				CLANG_WARN_STRICT_PROTOTYPES = YES;
				CLANG_WARN_SUSPICIOUS_MOVE = YES;
				CLANG_WARN_UNGUARDED_AVAILABILITY = YES_AGGRESSIVE;
				CLANG_WARN_UNREACHABLE_CODE = YES;
				CLANG_WARN__DUPLICATE_METHOD_MATCH = YES;
				COPY_PHASE_STRIP = NO;
				DEBUG_INFORMATION_FORMAT = "dwarf-with-dsym";
				ENABLE_NS_ASSERTIONS = NO;
				ENABLE_STRICT_OBJC_MSGSEND = YES;
				GCC_C_LANGUAGE_STANDARD = gnu11;
				GCC_NO_COMMON_BLOCKS = YES;
				GCC_WARN_64_TO_32_BIT_CONVERSION = YES;
				GCC_WARN_ABOUT_RETURN_TYPE = YES_ERROR;
				GCC_WARN_UNDECLARED_SELECTOR = YES;
				GCC_WARN_UNINITIALIZED_AUTOS = YES_AGGRESSIVE;
				GCC_WARN_UNUSED_FUNCTION = YES;
				GCC_WARN_UNUSED_VARIABLE = YES;
				IPHONEOS_DEPLOYMENT_TARGET = 13.5;
				MTL_ENABLE_DEBUG_INFO = NO;
				MTL_FAST_MATH = YES;
				SDKROOT = iphoneos;
				SWIFT_COMPILATION_MODE = wholemodule;
				SWIFT_OPTIMIZATION_LEVEL = "-O";
				VALIDATE_PRODUCT = YES;
			};
			name = Release;
		};
		82D0023C2482F97F00888A94 /* Debug */ = {
			isa = XCBuildConfiguration;
			buildSettings = {
				ASSETCATALOG_COMPILER_APPICON_NAME = AppIcon;
				CODE_SIGN_STYLE = Automatic;
				INFOPLIST_FILE = MyQuiz/Info.plist;
				LD_RUNPATH_SEARCH_PATHS = (
					"$(inherited)",
					"@executable_path/Frameworks",
				);
				PRODUCT_BUNDLE_IDENTIFIER = shirai.MyQuiz;
				PRODUCT_NAME = "$(TARGET_NAME)";
				SWIFT_VERSION = 5.0;
				TARGETED_DEVICE_FAMILY = "1,2";
			};
			name = Debug;
		};
		82D0023D2482F97F00888A94 /* Release */ = {
			isa = XCBuildConfiguration;
			buildSettings = {
				ASSETCATALOG_COMPILER_APPICON_NAME = AppIcon;
				CODE_SIGN_STYLE = Automatic;
				INFOPLIST_FILE = MyQuiz/Info.plist;
				LD_RUNPATH_SEARCH_PATHS = (
					"$(inherited)",
					"@executable_path/Frameworks",
				);
				PRODUCT_BUNDLE_IDENTIFIER = shirai.MyQuiz;
				PRODUCT_NAME = "$(TARGET_NAME)";
				SWIFT_VERSION = 5.0;
				TARGETED_DEVICE_FAMILY = "1,2";
			};
			name = Release;
		};
/* End XCBuildConfiguration section */

/* Begin XCConfigurationList section */
		82D002222482F97D00888A94 /* Build configuration list for PBXProject "MyQuiz" */ = {
			isa = XCConfigurationList;
			buildConfigurations = (
				82D002392482F97F00888A94 /* Debug */,
				82D0023A2482F97F00888A94 /* Release */,
			);
			defaultConfigurationIsVisible = 0;
			defaultConfigurationName = Release;
		};
		82D0023B2482F97F00888A94 /* Build configuration list for PBXNativeTarget "MyQuiz" */ = {
			isa = XCConfigurationList;
			buildConfigurations = (
				82D0023C2482F97F00888A94 /* Debug */,
				82D0023D2482F97F00888A94 /* Release */,
			);
			defaultConfigurationIsVisible = 0;
			defaultConfigurationName = Release;
		};
/* End XCConfigurationList section */
	};
	rootObject = 82D0021F2482F97D00888A94 /* Project object */;
}
